// !$*UTF8*$!
{
	archiveVersion = 1;
	classes = {
	};
	objectVersion = 55;
	objects = {

/* Begin PBXBuildFile section */
		E61BDD352804E3C7009A563B /* DummyViewController.swift in Sources */ = {isa = PBXBuildFile; fileRef = E61BDD342804E3C7009A563B /* DummyViewController.swift */; };
		E61BDD382804EAE8009A563B /* LocalState.swift in Sources */ = {isa = PBXBuildFile; fileRef = E61BDD372804EAE8009A563B /* LocalState.swift */; };
		E61BDD3A28050A45009A563B /* UIViewController+Utils.swift in Sources */ = {isa = PBXBuildFile; fileRef = E61BDD3928050A45009A563B /* UIViewController+Utils.swift */; };
		E61BDD3C28050BC9009A563B /* MainViewController.swift in Sources */ = {isa = PBXBuildFile; fileRef = E61BDD3B28050BC9009A563B /* MainViewController.swift */; };
		E61BDD412805165B009A563B /* AccountSummaryViewController.swift in Sources */ = {isa = PBXBuildFile; fileRef = E61BDD402805165B009A563B /* AccountSummaryViewController.swift */; };
		E61BDD4328051942009A563B /* AccountSummaryHeaderView.swift in Sources */ = {isa = PBXBuildFile; fileRef = E61BDD4228051942009A563B /* AccountSummaryHeaderView.swift */; };
		E61BDD4528051A2F009A563B /* AccountSummaryHeaderView.xib in Resources */ = {isa = PBXBuildFile; fileRef = E61BDD4428051A2F009A563B /* AccountSummaryHeaderView.xib */; };
		E62C91F1280636DA00475C67 /* AccountSummaryCell.swift in Sources */ = {isa = PBXBuildFile; fileRef = E62C91F0280636DA00475C67 /* AccountSummaryCell.swift */; };
		E62C91F32806836A00475C67 /* Decimal+Utils.swift in Sources */ = {isa = PBXBuildFile; fileRef = E62C91F22806836A00475C67 /* Decimal+Utils.swift */; };
		E62C91F528068AD100475C67 /* CurrencyFormatter.swift in Sources */ = {isa = PBXBuildFile; fileRef = E62C91F428068AD100475C67 /* CurrencyFormatter.swift */; };
		E634563128079534006F097B /* NSNotificationName.swift in Sources */ = {isa = PBXBuildFile; fileRef = E634563028079534006F097B /* NSNotificationName.swift */; };
		E63472D628069D9D0041DDB2 /* CurrencyFormatterTests.swift in Sources */ = {isa = PBXBuildFile; fileRef = E63472D528069D9D0041DDB2 /* CurrencyFormatterTests.swift */; };
		E638049A2823BB7C009825A3 /* SkeletonLoadable.swift in Sources */ = {isa = PBXBuildFile; fileRef = E63804992823BB7C009825A3 /* SkeletonLoadable.swift */; };
		E638049C2823BC90009825A3 /* SkeletonCell.swift in Sources */ = {isa = PBXBuildFile; fileRef = E638049B2823BC90009825A3 /* SkeletonCell.swift */; };
		E640D53F28227739006A00B0 /* ProfileTests.swift in Sources */ = {isa = PBXBuildFile; fileRef = E640D53E28227739006A00B0 /* ProfileTests.swift */; };
		E640D54128227821006A00B0 /* AccountTests.swift in Sources */ = {isa = PBXBuildFile; fileRef = E640D54028227821006A00B0 /* AccountTests.swift */; };
		E642DB80280189890013D641 /* OnboardingContainerViewController.swift in Sources */ = {isa = PBXBuildFile; fileRef = E642DB7F280189890013D641 /* OnboardingContainerViewController.swift */; };
		E642DB8228018FF30013D641 /* OnboardingViewController.swift in Sources */ = {isa = PBXBuildFile; fileRef = E642DB8128018FF30013D641 /* OnboardingViewController.swift */; };
		E642E5F928263E1900989310 /* ProfileManager.swift in Sources */ = {isa = PBXBuildFile; fileRef = E642E5F828263E1900989310 /* ProfileManager.swift */; };
		E642E5FB2826462800989310 /* AccountSummaryViewControllerTests.swift in Sources */ = {isa = PBXBuildFile; fileRef = E642E5FA2826462800989310 /* AccountSummaryViewControllerTests.swift */; };
		E64344912817618B006612A0 /* AccountSummaryViewController+Networking.swift in Sources */ = {isa = PBXBuildFile; fileRef = E64344902817618B006612A0 /* AccountSummaryViewController+Networking.swift */; };
		E647FBA927FEFA9200E924D4 /* AppDelegate.swift in Sources */ = {isa = PBXBuildFile; fileRef = E647FBA827FEFA9200E924D4 /* AppDelegate.swift */; };
		E647FBAD27FEFA9200E924D4 /* LoginViewController.swift in Sources */ = {isa = PBXBuildFile; fileRef = E647FBAC27FEFA9200E924D4 /* LoginViewController.swift */; };
		E647FBB227FEFA9300E924D4 /* Assets.xcassets in Resources */ = {isa = PBXBuildFile; fileRef = E647FBB127FEFA9300E924D4 /* Assets.xcassets */; };
		E647FBB527FEFA9300E924D4 /* LaunchScreen.storyboard in Resources */ = {isa = PBXBuildFile; fileRef = E647FBB327FEFA9300E924D4 /* LaunchScreen.storyboard */; };
		E647FBC027FF09DB00E924D4 /* LoginView.swift in Sources */ = {isa = PBXBuildFile; fileRef = E647FBBF27FF09DB00E924D4 /* LoginView.swift */; };
		E6DB91632812498F009196DE /* Date+Utils.swift in Sources */ = {isa = PBXBuildFile; fileRef = E6DB91622812498F009196DE /* Date+Utils.swift */; };
		E6F493F5280B995B004A1E37 /* UITextField+SecureToggle.swift in Sources */ = {isa = PBXBuildFile; fileRef = E6F493F4280B995B004A1E37 /* UITextField+SecureToggle.swift */; };
		E6F493F8280D11F2004A1E37 /* ShakeyBellView.swift in Sources */ = {isa = PBXBuildFile; fileRef = E6F493F7280D11F2004A1E37 /* ShakeyBellView.swift */; };
/* End PBXBuildFile section */

/* Begin PBXContainerItemProxy section */
		E63472D028069CC70041DDB2 /* PBXContainerItemProxy */ = {
			isa = PBXContainerItemProxy;
			containerPortal = E647FB9D27FEFA9200E924D4 /* Project object */;
			proxyType = 1;
			remoteGlobalIDString = E647FBA427FEFA9200E924D4;
			remoteInfo = Bankey;
		};
/* End PBXContainerItemProxy section */

/* Begin PBXFileReference section */
		E61BDD342804E3C7009A563B /* DummyViewController.swift */ = {isa = PBXFileReference; lastKnownFileType = sourcecode.swift; path = DummyViewController.swift; sourceTree = "<group>"; };
		E61BDD372804EAE8009A563B /* LocalState.swift */ = {isa = PBXFileReference; lastKnownFileType = sourcecode.swift; path = LocalState.swift; sourceTree = "<group>"; };
		E61BDD3928050A45009A563B /* UIViewController+Utils.swift */ = {isa = PBXFileReference; lastKnownFileType = sourcecode.swift; path = "UIViewController+Utils.swift"; sourceTree = "<group>"; };
		E61BDD3B28050BC9009A563B /* MainViewController.swift */ = {isa = PBXFileReference; lastKnownFileType = sourcecode.swift; path = MainViewController.swift; sourceTree = "<group>"; };
		E61BDD402805165B009A563B /* AccountSummaryViewController.swift */ = {isa = PBXFileReference; lastKnownFileType = sourcecode.swift; path = AccountSummaryViewController.swift; sourceTree = "<group>"; };
		E61BDD4228051942009A563B /* AccountSummaryHeaderView.swift */ = {isa = PBXFileReference; lastKnownFileType = sourcecode.swift; path = AccountSummaryHeaderView.swift; sourceTree = "<group>"; };
		E61BDD4428051A2F009A563B /* AccountSummaryHeaderView.xib */ = {isa = PBXFileReference; lastKnownFileType = file.xib; path = AccountSummaryHeaderView.xib; sourceTree = "<group>"; };
		E62C91F0280636DA00475C67 /* AccountSummaryCell.swift */ = {isa = PBXFileReference; lastKnownFileType = sourcecode.swift; path = AccountSummaryCell.swift; sourceTree = "<group>"; };
		E62C91F22806836A00475C67 /* Decimal+Utils.swift */ = {isa = PBXFileReference; lastKnownFileType = sourcecode.swift; path = "Decimal+Utils.swift"; sourceTree = "<group>"; };
		E62C91F428068AD100475C67 /* CurrencyFormatter.swift */ = {isa = PBXFileReference; lastKnownFileType = sourcecode.swift; path = CurrencyFormatter.swift; sourceTree = "<group>"; };
		E634563028079534006F097B /* NSNotificationName.swift */ = {isa = PBXFileReference; lastKnownFileType = sourcecode.swift; path = NSNotificationName.swift; sourceTree = "<group>"; };
		E63472CC28069CC70041DDB2 /* BankeyUnitTests.xctest */ = {isa = PBXFileReference; explicitFileType = wrapper.cfbundle; includeInIndex = 0; path = BankeyUnitTests.xctest; sourceTree = BUILT_PRODUCTS_DIR; };
		E63472D528069D9D0041DDB2 /* CurrencyFormatterTests.swift */ = {isa = PBXFileReference; lastKnownFileType = sourcecode.swift; path = CurrencyFormatterTests.swift; sourceTree = "<group>"; };
		E63804992823BB7C009825A3 /* SkeletonLoadable.swift */ = {isa = PBXFileReference; lastKnownFileType = sourcecode.swift; path = SkeletonLoadable.swift; sourceTree = "<group>"; };
		E638049B2823BC90009825A3 /* SkeletonCell.swift */ = {isa = PBXFileReference; lastKnownFileType = sourcecode.swift; path = SkeletonCell.swift; sourceTree = "<group>"; };
		E640D53E28227739006A00B0 /* ProfileTests.swift */ = {isa = PBXFileReference; lastKnownFileType = sourcecode.swift; path = ProfileTests.swift; sourceTree = "<group>"; };
		E640D54028227821006A00B0 /* AccountTests.swift */ = {isa = PBXFileReference; lastKnownFileType = sourcecode.swift; path = AccountTests.swift; sourceTree = "<group>"; };
		E642DB7F280189890013D641 /* OnboardingContainerViewController.swift */ = {isa = PBXFileReference; lastKnownFileType = sourcecode.swift; path = OnboardingContainerViewController.swift; sourceTree = "<group>"; };
		E642DB8128018FF30013D641 /* OnboardingViewController.swift */ = {isa = PBXFileReference; lastKnownFileType = sourcecode.swift; path = OnboardingViewController.swift; sourceTree = "<group>"; };
		E642E5F828263E1900989310 /* ProfileManager.swift */ = {isa = PBXFileReference; lastKnownFileType = sourcecode.swift; path = ProfileManager.swift; sourceTree = "<group>"; };
		E642E5FA2826462800989310 /* AccountSummaryViewControllerTests.swift */ = {isa = PBXFileReference; lastKnownFileType = sourcecode.swift; path = AccountSummaryViewControllerTests.swift; sourceTree = "<group>"; };
		E64344902817618B006612A0 /* AccountSummaryViewController+Networking.swift */ = {isa = PBXFileReference; lastKnownFileType = sourcecode.swift; path = "AccountSummaryViewController+Networking.swift"; sourceTree = "<group>"; };
		E647FBA527FEFA9200E924D4 /* Bankey.app */ = {isa = PBXFileReference; explicitFileType = wrapper.application; includeInIndex = 0; path = Bankey.app; sourceTree = BUILT_PRODUCTS_DIR; };
		E647FBA827FEFA9200E924D4 /* AppDelegate.swift */ = {isa = PBXFileReference; lastKnownFileType = sourcecode.swift; path = AppDelegate.swift; sourceTree = "<group>"; };
		E647FBAC27FEFA9200E924D4 /* LoginViewController.swift */ = {isa = PBXFileReference; lastKnownFileType = sourcecode.swift; path = LoginViewController.swift; sourceTree = "<group>"; };
		E647FBB127FEFA9300E924D4 /* Assets.xcassets */ = {isa = PBXFileReference; lastKnownFileType = folder.assetcatalog; path = Assets.xcassets; sourceTree = "<group>"; };
		E647FBB427FEFA9300E924D4 /* Base */ = {isa = PBXFileReference; lastKnownFileType = file.storyboard; name = Base; path = Base.lproj/LaunchScreen.storyboard; sourceTree = "<group>"; };
		E647FBB627FEFA9300E924D4 /* Info.plist */ = {isa = PBXFileReference; lastKnownFileType = text.plist.xml; path = Info.plist; sourceTree = "<group>"; };
		E647FBBF27FF09DB00E924D4 /* LoginView.swift */ = {isa = PBXFileReference; lastKnownFileType = sourcecode.swift; path = LoginView.swift; sourceTree = "<group>"; };
		E6DB91622812498F009196DE /* Date+Utils.swift */ = {isa = PBXFileReference; lastKnownFileType = sourcecode.swift; path = "Date+Utils.swift"; sourceTree = "<group>"; };
		E6F493F4280B995B004A1E37 /* UITextField+SecureToggle.swift */ = {isa = PBXFileReference; lastKnownFileType = sourcecode.swift; path = "UITextField+SecureToggle.swift"; sourceTree = "<group>"; };
		E6F493F7280D11F2004A1E37 /* ShakeyBellView.swift */ = {isa = PBXFileReference; lastKnownFileType = sourcecode.swift; path = ShakeyBellView.swift; sourceTree = "<group>"; };
/* End PBXFileReference section */

/* Begin PBXFrameworksBuildPhase section */
		E63472C928069CC70041DDB2 /* Frameworks */ = {
			isa = PBXFrameworksBuildPhase;
			buildActionMask = 2147483647;
			files = (
			);
			runOnlyForDeploymentPostprocessing = 0;
		};
		E647FBA227FEFA9200E924D4 /* Frameworks */ = {
			isa = PBXFrameworksBuildPhase;
			buildActionMask = 2147483647;
			files = (
			);
			runOnlyForDeploymentPostprocessing = 0;
		};
/* End PBXFrameworksBuildPhase section */

/* Begin PBXGroup section */
		E61BDD362804EAD3009A563B /* Utils */ = {
			isa = PBXGroup;
			children = (
				E61BDD372804EAE8009A563B /* LocalState.swift */,
				E61BDD3928050A45009A563B /* UIViewController+Utils.swift */,
				E62C91F22806836A00475C67 /* Decimal+Utils.swift */,
				E6F493F4280B995B004A1E37 /* UITextField+SecureToggle.swift */,
				E62C91F428068AD100475C67 /* CurrencyFormatter.swift */,
				E634563028079534006F097B /* NSNotificationName.swift */,
				E6DB91622812498F009196DE /* Date+Utils.swift */,
			);
			path = Utils;
			sourceTree = "<group>";
		};
		E61BDD3F280515FE009A563B /* AccountSummary */ = {
			isa = PBXGroup;
			children = (
				E61BDD402805165B009A563B /* AccountSummaryViewController.swift */,
				E64344902817618B006612A0 /* AccountSummaryViewController+Networking.swift */,
				E642E5F728263DFC00989310 /* Networking */,
				E62C91EE2806365200475C67 /* Header */,
				E62C91EF2806368000475C67 /* Cells */,
			);
			path = AccountSummary;
			sourceTree = "<group>";
		};
		E62C91EE2806365200475C67 /* Header */ = {
			isa = PBXGroup;
			children = (
				E61BDD4228051942009A563B /* AccountSummaryHeaderView.swift */,
				E61BDD4428051A2F009A563B /* AccountSummaryHeaderView.xib */,
			);
			path = Header;
			sourceTree = "<group>";
		};
		E62C91EF2806368000475C67 /* Cells */ = {
			isa = PBXGroup;
			children = (
				E62C91F0280636DA00475C67 /* AccountSummaryCell.swift */,
				E63804992823BB7C009825A3 /* SkeletonLoadable.swift */,
				E638049B2823BC90009825A3 /* SkeletonCell.swift */,
			);
			path = Cells;
			sourceTree = "<group>";
		};
		E63472CD28069CC70041DDB2 /* BankeyUnitTests */ = {
			isa = PBXGroup;
			children = (
				E6436C93281F5C85009C3E0D /* AccountSummary */,
				E6436C92281F5C71009C3E0D /* Utils */,
			);
			path = BankeyUnitTests;
			sourceTree = "<group>";
		};
		E642DB7E280189490013D641 /* Onboarding */ = {
			isa = PBXGroup;
			children = (
				E642DB7F280189890013D641 /* OnboardingContainerViewController.swift */,
				E642DB8128018FF30013D641 /* OnboardingViewController.swift */,
			);
			path = Onboarding;
			sourceTree = "<group>";
		};
		E642E5F728263DFC00989310 /* Networking */ = {
			isa = PBXGroup;
			children = (
				E642E5F828263E1900989310 /* ProfileManager.swift */,
			);
			path = Networking;
			sourceTree = "<group>";
		};
		E6436C92281F5C71009C3E0D /* Utils */ = {
			isa = PBXGroup;
			children = (
				E63472D528069D9D0041DDB2 /* CurrencyFormatterTests.swift */,
			);
			path = Utils;
			sourceTree = "<group>";
		};
		E6436C93281F5C85009C3E0D /* AccountSummary */ = {
			isa = PBXGroup;
			children = (
				E640D53E28227739006A00B0 /* ProfileTests.swift */,
				E640D54028227821006A00B0 /* AccountTests.swift */,
				E642E5FA2826462800989310 /* AccountSummaryViewControllerTests.swift */,
			);
			path = AccountSummary;
			sourceTree = "<group>";
		};
		E647FB9C27FEFA9200E924D4 = {
			isa = PBXGroup;
			children = (
				E647FBA727FEFA9200E924D4 /* Bankey */,
				E63472CD28069CC70041DDB2 /* BankeyUnitTests */,
				E647FBA627FEFA9200E924D4 /* Products */,
			);
			sourceTree = "<group>";
		};
		E647FBA627FEFA9200E924D4 /* Products */ = {
			isa = PBXGroup;
			children = (
				E647FBA527FEFA9200E924D4 /* Bankey.app */,
				E63472CC28069CC70041DDB2 /* BankeyUnitTests.xctest */,
			);
			name = Products;
			sourceTree = "<group>";
		};
		E647FBA727FEFA9200E924D4 /* Bankey */ = {
			isa = PBXGroup;
			children = (
				E647FBA827FEFA9200E924D4 /* AppDelegate.swift */,
				E647FBBE27FF096C00E924D4 /* Login */,
				E642DB7E280189490013D641 /* Onboarding */,
				E61BDD3F280515FE009A563B /* AccountSummary */,
				E6F493F6280D11B7004A1E37 /* Components */,
				E61BDD362804EAD3009A563B /* Utils */,
				E647FBBD27FF094300E924D4 /* files */,
			);
			path = Bankey;
			sourceTree = "<group>";
		};
		E647FBBD27FF094300E924D4 /* files */ = {
			isa = PBXGroup;
			children = (
				E647FBB127FEFA9300E924D4 /* Assets.xcassets */,
				E647FBB327FEFA9300E924D4 /* LaunchScreen.storyboard */,
				E647FBB627FEFA9300E924D4 /* Info.plist */,
			);
			name = files;
			sourceTree = "<group>";
		};
		E647FBBE27FF096C00E924D4 /* Login */ = {
			isa = PBXGroup;
			children = (
				E61BDD3B28050BC9009A563B /* MainViewController.swift */,
				E647FBAC27FEFA9200E924D4 /* LoginViewController.swift */,
				E647FBBF27FF09DB00E924D4 /* LoginView.swift */,
				E61BDD342804E3C7009A563B /* DummyViewController.swift */,
			);
			path = Login;
			sourceTree = "<group>";
		};
		E6F493F6280D11B7004A1E37 /* Components */ = {
			isa = PBXGroup;
			children = (
				E6F493F7280D11F2004A1E37 /* ShakeyBellView.swift */,
			);
			path = Components;
			sourceTree = "<group>";
		};
/* End PBXGroup section */

/* Begin PBXNativeTarget section */
		E63472CB28069CC70041DDB2 /* BankeyUnitTests */ = {
			isa = PBXNativeTarget;
			buildConfigurationList = E63472D428069CC70041DDB2 /* Build configuration list for PBXNativeTarget "BankeyUnitTests" */;
			buildPhases = (
				E63472C828069CC70041DDB2 /* Sources */,
				E63472C928069CC70041DDB2 /* Frameworks */,
				E63472CA28069CC70041DDB2 /* Resources */,
			);
			buildRules = (
			);
			dependencies = (
				E63472D128069CC70041DDB2 /* PBXTargetDependency */,
			);
			name = BankeyUnitTests;
			productName = BankeyUnitTests;
			productReference = E63472CC28069CC70041DDB2 /* BankeyUnitTests.xctest */;
			productType = "com.apple.product-type.bundle.unit-test";
		};
		E647FBA427FEFA9200E924D4 /* Bankey */ = {
			isa = PBXNativeTarget;
			buildConfigurationList = E647FBB927FEFA9300E924D4 /* Build configuration list for PBXNativeTarget "Bankey" */;
			buildPhases = (
				E647FBA127FEFA9200E924D4 /* Sources */,
				E647FBA227FEFA9200E924D4 /* Frameworks */,
				E647FBA327FEFA9200E924D4 /* Resources */,
			);
			buildRules = (
			);
			dependencies = (
			);
			name = Bankey;
			productName = Bankey;
			productReference = E647FBA527FEFA9200E924D4 /* Bankey.app */;
			productType = "com.apple.product-type.application";
		};
/* End PBXNativeTarget section */

/* Begin PBXProject section */
		E647FB9D27FEFA9200E924D4 /* Project object */ = {
			isa = PBXProject;
			attributes = {
				BuildIndependentTargetsInParallel = 1;
				LastSwiftUpdateCheck = 1330;
				LastUpgradeCheck = 1330;
				TargetAttributes = {
					E63472CB28069CC70041DDB2 = {
						CreatedOnToolsVersion = 13.3;
						LastSwiftMigration = 1330;
						TestTargetID = E647FBA427FEFA9200E924D4;
					};
					E647FBA427FEFA9200E924D4 = {
						CreatedOnToolsVersion = 13.3;
					};
				};
			};
			buildConfigurationList = E647FBA027FEFA9200E924D4 /* Build configuration list for PBXProject "Bankey" */;
			compatibilityVersion = "Xcode 13.0";
			developmentRegion = en;
			hasScannedForEncodings = 0;
			knownRegions = (
				en,
				Base,
			);
			mainGroup = E647FB9C27FEFA9200E924D4;
			productRefGroup = E647FBA627FEFA9200E924D4 /* Products */;
			projectDirPath = "";
			projectRoot = "";
			targets = (
				E647FBA427FEFA9200E924D4 /* Bankey */,
				E63472CB28069CC70041DDB2 /* BankeyUnitTests */,
			);
		};
/* End PBXProject section */

/* Begin PBXResourcesBuildPhase section */
		E63472CA28069CC70041DDB2 /* Resources */ = {
			isa = PBXResourcesBuildPhase;
			buildActionMask = 2147483647;
			files = (
			);
			runOnlyForDeploymentPostprocessing = 0;
		};
		E647FBA327FEFA9200E924D4 /* Resources */ = {
			isa = PBXResourcesBuildPhase;
			buildActionMask = 2147483647;
			files = (
				E61BDD4528051A2F009A563B /* AccountSummaryHeaderView.xib in Resources */,
				E647FBB527FEFA9300E924D4 /* LaunchScreen.storyboard in Resources */,
				E647FBB227FEFA9300E924D4 /* Assets.xcassets in Resources */,
			);
			runOnlyForDeploymentPostprocessing = 0;
		};
/* End PBXResourcesBuildPhase section */

/* Begin PBXSourcesBuildPhase section */
		E63472C828069CC70041DDB2 /* Sources */ = {
			isa = PBXSourcesBuildPhase;
			buildActionMask = 2147483647;
			files = (
				E63472D628069D9D0041DDB2 /* CurrencyFormatterTests.swift in Sources */,
				E640D54128227821006A00B0 /* AccountTests.swift in Sources */,
				E640D53F28227739006A00B0 /* ProfileTests.swift in Sources */,
				E642E5FB2826462800989310 /* AccountSummaryViewControllerTests.swift in Sources */,
			);
			runOnlyForDeploymentPostprocessing = 0;
		};
		E647FBA127FEFA9200E924D4 /* Sources */ = {
			isa = PBXSourcesBuildPhase;
			buildActionMask = 2147483647;
			files = (
				E61BDD3A28050A45009A563B /* UIViewController+Utils.swift in Sources */,
				E638049C2823BC90009825A3 /* SkeletonCell.swift in Sources */,
				E6DB91632812498F009196DE /* Date+Utils.swift in Sources */,
				E642E5F928263E1900989310 /* ProfileManager.swift in Sources */,
				E647FBC027FF09DB00E924D4 /* LoginView.swift in Sources */,
				E61BDD382804EAE8009A563B /* LocalState.swift in Sources */,
				E61BDD352804E3C7009A563B /* DummyViewController.swift in Sources */,
				E6F493F5280B995B004A1E37 /* UITextField+SecureToggle.swift in Sources */,
				E647FBAD27FEFA9200E924D4 /* LoginViewController.swift in Sources */,
				E62C91F528068AD100475C67 /* CurrencyFormatter.swift in Sources */,
				E62C91F32806836A00475C67 /* Decimal+Utils.swift in Sources */,
				E634563128079534006F097B /* NSNotificationName.swift in Sources */,
				E642DB8228018FF30013D641 /* OnboardingViewController.swift in Sources */,
				E6F493F8280D11F2004A1E37 /* ShakeyBellView.swift in Sources */,
				E62C91F1280636DA00475C67 /* AccountSummaryCell.swift in Sources */,
				E61BDD3C28050BC9009A563B /* MainViewController.swift in Sources */,
				E61BDD412805165B009A563B /* AccountSummaryViewController.swift in Sources */,
				E61BDD4328051942009A563B /* AccountSummaryHeaderView.swift in Sources */,
				E647FBA927FEFA9200E924D4 /* AppDelegate.swift in Sources */,
				E642DB80280189890013D641 /* OnboardingContainerViewController.swift in Sources */,
				E638049A2823BB7C009825A3 /* SkeletonLoadable.swift in Sources */,
				E64344912817618B006612A0 /* AccountSummaryViewController+Networking.swift in Sources */,
			);
			runOnlyForDeploymentPostprocessing = 0;
		};
/* End PBXSourcesBuildPhase section */

/* Begin PBXTargetDependency section */
		E63472D128069CC70041DDB2 /* PBXTargetDependency */ = {
			isa = PBXTargetDependency;
			target = E647FBA427FEFA9200E924D4 /* Bankey */;
			targetProxy = E63472D028069CC70041DDB2 /* PBXContainerItemProxy */;
		};
/* End PBXTargetDependency section */

/* Begin PBXVariantGroup section */
		E647FBB327FEFA9300E924D4 /* LaunchScreen.storyboard */ = {
			isa = PBXVariantGroup;
			children = (
				E647FBB427FEFA9300E924D4 /* Base */,
			);
			name = LaunchScreen.storyboard;
			sourceTree = "<group>";
		};
/* End PBXVariantGroup section */

/* Begin XCBuildConfiguration section */
		E63472D228069CC70041DDB2 /* Debug */ = {
			isa = XCBuildConfiguration;
			buildSettings = {
				BUNDLE_LOADER = "$(TEST_HOST)";
				CLANG_ENABLE_MODULES = YES;
				CODE_SIGN_STYLE = Automatic;
				CURRENT_PROJECT_VERSION = 1;
				DEVELOPMENT_TEAM = Z37545QWQ9;
				GENERATE_INFOPLIST_FILE = YES;
				LD_RUNPATH_SEARCH_PATHS = (
					"$(inherited)",
					"@executable_path/Frameworks",
					"@loader_path/Frameworks",
				);
				MARKETING_VERSION = 1.0;
				PRODUCT_BUNDLE_IDENTIFIER = com.rsc.BankeyUnitTests;
				PRODUCT_NAME = "$(TARGET_NAME)";
				SWIFT_EMIT_LOC_STRINGS = NO;
				SWIFT_OPTIMIZATION_LEVEL = "-Onone";
				SWIFT_VERSION = 5.0;
				TARGETED_DEVICE_FAMILY = "1,2";
				TEST_HOST = "$(BUILT_PRODUCTS_DIR)/Bankey.app/Bankey";
			};
			name = Debug;
		};
		E63472D328069CC70041DDB2 /* Release */ = {
			isa = XCBuildConfiguration;
			buildSettings = {
				BUNDLE_LOADER = "$(TEST_HOST)";
				CLANG_ENABLE_MODULES = YES;
				CODE_SIGN_STYLE = Automatic;
				CURRENT_PROJECT_VERSION = 1;
				DEVELOPMENT_TEAM = Z37545QWQ9;
				GENERATE_INFOPLIST_FILE = YES;
				LD_RUNPATH_SEARCH_PATHS = (
					"$(inherited)",
					"@executable_path/Frameworks",
					"@loader_path/Frameworks",
				);
				MARKETING_VERSION = 1.0;
				PRODUCT_BUNDLE_IDENTIFIER = com.rsc.BankeyUnitTests;
				PRODUCT_NAME = "$(TARGET_NAME)";
				SWIFT_EMIT_LOC_STRINGS = NO;
				SWIFT_VERSION = 5.0;
				TARGETED_DEVICE_FAMILY = "1,2";
				TEST_HOST = "$(BUILT_PRODUCTS_DIR)/Bankey.app/Bankey";
			};
			name = Release;
		};
		E647FBB727FEFA9300E924D4 /* Debug */ = {
			isa = XCBuildConfiguration;
			buildSettings = {
				ALWAYS_SEARCH_USER_PATHS = NO;
				CLANG_ANALYZER_NONNULL = YES;
				CLANG_ANALYZER_NUMBER_OBJECT_CONVERSION = YES_AGGRESSIVE;
				CLANG_CXX_LANGUAGE_STANDARD = "gnu++17";
				CLANG_ENABLE_MODULES = YES;
				CLANG_ENABLE_OBJC_ARC = YES;
				CLANG_ENABLE_OBJC_WEAK = YES;
				CLANG_WARN_BLOCK_CAPTURE_AUTORELEASING = YES;
				CLANG_WARN_BOOL_CONVERSION = YES;
				CLANG_WARN_COMMA = YES;
				CLANG_WARN_CONSTANT_CONVERSION = YES;
				CLANG_WARN_DEPRECATED_OBJC_IMPLEMENTATIONS = YES;
				CLANG_WARN_DIRECT_OBJC_ISA_USAGE = YES_ERROR;
				CLANG_WARN_DOCUMENTATION_COMMENTS = YES;
				CLANG_WARN_EMPTY_BODY = YES;
				CLANG_WARN_ENUM_CONVERSION = YES;
				CLANG_WARN_INFINITE_RECURSION = YES;
				CLANG_WARN_INT_CONVERSION = YES;
				CLANG_WARN_NON_LITERAL_NULL_CONVERSION = YES;
				CLANG_WARN_OBJC_IMPLICIT_RETAIN_SELF = YES;
				CLANG_WARN_OBJC_LITERAL_CONVERSION = YES;
				CLANG_WARN_OBJC_ROOT_CLASS = YES_ERROR;
				CLANG_WARN_QUOTED_INCLUDE_IN_FRAMEWORK_HEADER = YES;
				CLANG_WARN_RANGE_LOOP_ANALYSIS = YES;
				CLANG_WARN_STRICT_PROTOTYPES = YES;
				CLANG_WARN_SUSPICIOUS_MOVE = YES;
				CLANG_WARN_UNGUARDED_AVAILABILITY = YES_AGGRESSIVE;
				CLANG_WARN_UNREACHABLE_CODE = YES;
				CLANG_WARN__DUPLICATE_METHOD_MATCH = YES;
				COPY_PHASE_STRIP = NO;
				DEBUG_INFORMATION_FORMAT = dwarf;
				ENABLE_STRICT_OBJC_MSGSEND = YES;
				ENABLE_TESTABILITY = YES;
				GCC_C_LANGUAGE_STANDARD = gnu11;
				GCC_DYNAMIC_NO_PIC = NO;
				GCC_NO_COMMON_BLOCKS = YES;
				GCC_OPTIMIZATION_LEVEL = 0;
				GCC_PREPROCESSOR_DEFINITIONS = (
					"DEBUG=1",
					"$(inherited)",
				);
				GCC_WARN_64_TO_32_BIT_CONVERSION = YES;
				GCC_WARN_ABOUT_RETURN_TYPE = YES_ERROR;
				GCC_WARN_UNDECLARED_SELECTOR = YES;
				GCC_WARN_UNINITIALIZED_AUTOS = YES_AGGRESSIVE;
				GCC_WARN_UNUSED_FUNCTION = YES;
				GCC_WARN_UNUSED_VARIABLE = YES;
				IPHONEOS_DEPLOYMENT_TARGET = 15.4;
				MTL_ENABLE_DEBUG_INFO = INCLUDE_SOURCE;
				MTL_FAST_MATH = YES;
				ONLY_ACTIVE_ARCH = YES;
				SDKROOT = iphoneos;
				SWIFT_ACTIVE_COMPILATION_CONDITIONS = DEBUG;
				SWIFT_OPTIMIZATION_LEVEL = "-Onone";
			};
			name = Debug;
		};
		E647FBB827FEFA9300E924D4 /* Release */ = {
			isa = XCBuildConfiguration;
			buildSettings = {
				ALWAYS_SEARCH_USER_PATHS = NO;
				CLANG_ANALYZER_NONNULL = YES;
				CLANG_ANALYZER_NUMBER_OBJECT_CONVERSION = YES_AGGRESSIVE;
				CLANG_CXX_LANGUAGE_STANDARD = "gnu++17";
				CLANG_ENABLE_MODULES = YES;
				CLANG_ENABLE_OBJC_ARC = YES;
				CLANG_ENABLE_OBJC_WEAK = YES;
				CLANG_WARN_BLOCK_CAPTURE_AUTORELEASING = YES;
				CLANG_WARN_BOOL_CONVERSION = YES;
				CLANG_WARN_COMMA = YES;
				CLANG_WARN_CONSTANT_CONVERSION = YES;
				CLANG_WARN_DEPRECATED_OBJC_IMPLEMENTATIONS = YES;
				CLANG_WARN_DIRECT_OBJC_ISA_USAGE = YES_ERROR;
				CLANG_WARN_DOCUMENTATION_COMMENTS = YES;
				CLANG_WARN_EMPTY_BODY = YES;
				CLANG_WARN_ENUM_CONVERSION = YES;
				CLANG_WARN_INFINITE_RECURSION = YES;
				CLANG_WARN_INT_CONVERSION = YES;
				CLANG_WARN_NON_LITERAL_NULL_CONVERSION = YES;
				CLANG_WARN_OBJC_IMPLICIT_RETAIN_SELF = YES;
				CLANG_WARN_OBJC_LITERAL_CONVERSION = YES;
				CLANG_WARN_OBJC_ROOT_CLASS = YES_ERROR;
				CLANG_WARN_QUOTED_INCLUDE_IN_FRAMEWORK_HEADER = YES;
				CLANG_WARN_RANGE_LOOP_ANALYSIS = YES;
				CLANG_WARN_STRICT_PROTOTYPES = YES;
				CLANG_WARN_SUSPICIOUS_MOVE = YES;
				CLANG_WARN_UNGUARDED_AVAILABILITY = YES_AGGRESSIVE;
				CLANG_WARN_UNREACHABLE_CODE = YES;
				CLANG_WARN__DUPLICATE_METHOD_MATCH = YES;
				COPY_PHASE_STRIP = NO;
				DEBUG_INFORMATION_FORMAT = "dwarf-with-dsym";
				ENABLE_NS_ASSERTIONS = NO;
				ENABLE_STRICT_OBJC_MSGSEND = YES;
				GCC_C_LANGUAGE_STANDARD = gnu11;
				GCC_NO_COMMON_BLOCKS = YES;
				GCC_WARN_64_TO_32_BIT_CONVERSION = YES;
				GCC_WARN_ABOUT_RETURN_TYPE = YES_ERROR;
				GCC_WARN_UNDECLARED_SELECTOR = YES;
				GCC_WARN_UNINITIALIZED_AUTOS = YES_AGGRESSIVE;
				GCC_WARN_UNUSED_FUNCTION = YES;
				GCC_WARN_UNUSED_VARIABLE = YES;
				IPHONEOS_DEPLOYMENT_TARGET = 15.4;
				MTL_ENABLE_DEBUG_INFO = NO;
				MTL_FAST_MATH = YES;
				SDKROOT = iphoneos;
				SWIFT_COMPILATION_MODE = wholemodule;
				SWIFT_OPTIMIZATION_LEVEL = "-O";
				VALIDATE_PRODUCT = YES;
			};
			name = Release;
		};
		E647FBBA27FEFA9300E924D4 /* Debug */ = {
			isa = XCBuildConfiguration;
			buildSettings = {
				ASSETCATALOG_COMPILER_APPICON_NAME = AppIcon;
				ASSETCATALOG_COMPILER_GLOBAL_ACCENT_COLOR_NAME = AccentColor;
				CODE_SIGN_STYLE = Automatic;
				CURRENT_PROJECT_VERSION = 1;
				DEVELOPMENT_TEAM = Z37545QWQ9;
				GENERATE_INFOPLIST_FILE = YES;
				INFOPLIST_FILE = Bankey/Info.plist;
				INFOPLIST_KEY_UIApplicationSupportsIndirectInputEvents = YES;
				INFOPLIST_KEY_UILaunchStoryboardName = LaunchScreen;
				INFOPLIST_KEY_UISupportedInterfaceOrientations_iPad = "UIInterfaceOrientationPortrait UIInterfaceOrientationPortraitUpsideDown UIInterfaceOrientationLandscapeLeft UIInterfaceOrientationLandscapeRight";
				INFOPLIST_KEY_UISupportedInterfaceOrientations_iPhone = "UIInterfaceOrientationPortrait UIInterfaceOrientationLandscapeLeft UIInterfaceOrientationLandscapeRight";
				LD_RUNPATH_SEARCH_PATHS = (
					"$(inherited)",
					"@executable_path/Frameworks",
				);
				MARKETING_VERSION = 1.0;
				PRODUCT_BUNDLE_IDENTIFIER = com.rsc.Bankey;
				PRODUCT_NAME = "$(TARGET_NAME)";
				SWIFT_EMIT_LOC_STRINGS = YES;
				SWIFT_VERSION = 5.0;
				TARGETED_DEVICE_FAMILY = "1,2";
			};
			name = Debug;
		};
		E647FBBB27FEFA9300E924D4 /* Release */ = {
			isa = XCBuildConfiguration;
			buildSettings = {
				ASSETCATALOG_COMPILER_APPICON_NAME = AppIcon;
				ASSETCATALOG_COMPILER_GLOBAL_ACCENT_COLOR_NAME = AccentColor;
				CODE_SIGN_STYLE = Automatic;
				CURRENT_PROJECT_VERSION = 1;
				DEVELOPMENT_TEAM = Z37545QWQ9;
				GENERATE_INFOPLIST_FILE = YES;
				INFOPLIST_FILE = Bankey/Info.plist;
				INFOPLIST_KEY_UIApplicationSupportsIndirectInputEvents = YES;
				INFOPLIST_KEY_UILaunchStoryboardName = LaunchScreen;
				INFOPLIST_KEY_UISupportedInterfaceOrientations_iPad = "UIInterfaceOrientationPortrait UIInterfaceOrientationPortraitUpsideDown UIInterfaceOrientationLandscapeLeft UIInterfaceOrientationLandscapeRight";
				INFOPLIST_KEY_UISupportedInterfaceOrientations_iPhone = "UIInterfaceOrientationPortrait UIInterfaceOrientationLandscapeLeft UIInterfaceOrientationLandscapeRight";
				LD_RUNPATH_SEARCH_PATHS = (
					"$(inherited)",
					"@executable_path/Frameworks",
				);
				MARKETING_VERSION = 1.0;
				PRODUCT_BUNDLE_IDENTIFIER = com.rsc.Bankey;
				PRODUCT_NAME = "$(TARGET_NAME)";
				SWIFT_EMIT_LOC_STRINGS = YES;
				SWIFT_VERSION = 5.0;
				TARGETED_DEVICE_FAMILY = "1,2";
			};
			name = Release;
		};
/* End XCBuildConfiguration section */

/* Begin XCConfigurationList section */
		E63472D428069CC70041DDB2 /* Build configuration list for PBXNativeTarget "BankeyUnitTests" */ = {
			isa = XCConfigurationList;
			buildConfigurations = (
				E63472D228069CC70041DDB2 /* Debug */,
				E63472D328069CC70041DDB2 /* Release */,
			);
			defaultConfigurationIsVisible = 0;
			defaultConfigurationName = Release;
		};
		E647FBA027FEFA9200E924D4 /* Build configuration list for PBXProject "Bankey" */ = {
			isa = XCConfigurationList;
			buildConfigurations = (
				E647FBB727FEFA9300E924D4 /* Debug */,
				E647FBB827FEFA9300E924D4 /* Release */,
			);
			defaultConfigurationIsVisible = 0;
			defaultConfigurationName = Release;
		};
		E647FBB927FEFA9300E924D4 /* Build configuration list for PBXNativeTarget "Bankey" */ = {
			isa = XCConfigurationList;
			buildConfigurations = (
				E647FBBA27FEFA9300E924D4 /* Debug */,
				E647FBBB27FEFA9300E924D4 /* Release */,
			);
			defaultConfigurationIsVisible = 0;
			defaultConfigurationName = Release;
		};
/* End XCConfigurationList section */
	};
	rootObject = E647FB9D27FEFA9200E924D4 /* Project object */;
}
